# THIS IS AN AUTOGENERATED FILE. DO NOT EDIT THIS FILE DIRECTLY.
# yarn lockfile v1


css-tree@^2.1.0:
  version "2.1.0"
  resolved "https://registry.yarnpkg.com/css-tree/-/css-tree-2.1.0.tgz#170e27ccf94e7c5facb183765c25898be843d1d2"
  integrity sha512-PcysZRzToBbrpoUrZ9qfblRIRf8zbEAkU0AIpQFtgkFK0vSbzOmBCvdSAx2Zg7Xx5wiYJKUKk0NMP7kxevie/A==
  dependencies:
    mdn-data "2.0.27"
    source-map-js "^1.0.1"

mdn-data@2.0.27:
  version "2.0.27"
  resolved "https://registry.yarnpkg.com/mdn-data/-/mdn-data-2.0.27.tgz#1710baa7b0db8176d3b3d565ccb7915fc69525ab"
  integrity sha512-kwqO0I0jtWr25KcfLm9pia8vLZ8qoAKhWZuZMbneJq3jjBD3gl5nZs8l8Tu3ZBlBAHVQtDur9rdDGyvtfVraHQ==

source-map-js@^1.0.1:
  version "1.0.2"
  resolved "https://registry.yarnpkg.com/source-map-js/-/source-map-js-1.0.2.tgz#adbc361d9c62df380125e7f161f71c826f1e490c"
  integrity sha512-R0XvVJ9WusLiqTCEiGCmICCMplcCkIwwR11mOSD9CR5u+IXYdiseeEuXCVAjS54zqwkLcPNnmU4OeJ6tUrWhDw==
